
Microsoft Visual Studio Solution File, Format Version 12.00
# Visual Studio Version 17
VisualStudioVersion = 17.6.33723.286
MinimumVisualStudioVersion = 10.0.40219.1
Project("{FAE04EC0-301F-11D3-BF4B-00C04F79EFBC}") = "CurrencyConverter", "CurrencyConverter.csproj", "{B120372B-44B4-4DF8-BE06-0BB477810506}"
EndProject
Global
	GlobalSection(SolutionConfigurationPlatforms) = preSolution
		Debug|Any CPU = Debug|Any CPU
		Release|Any CPU = Release|Any CPU
	EndGlobalSection
	GlobalSection(ProjectConfigurationPlatforms) = postSolution
		{B120372B-44B4-4DF8-BE06-0BB477810506}.Debug|Any CPU.ActiveCfg = Debug|Any CPU
		{B120372B-44B4-4DF8-BE06-0BB477810506}.Debug|Any CPU.Build.0 = Debug|Any CPU
		{B120372B-44B4-4DF8-BE06-0BB477810506}.Release|Any CPU.ActiveCfg = Release|Any CPU
		{B120372B-44B4-4DF8-BE06-0BB477810506}.Release|Any CPU.Build.0 = Release|Any CPU
	EndGlobalSection
	GlobalSection(SolutionProperties) = preSolution
		HideSolutionNode = FALSE
	EndGlobalSection
	GlobalSection(ExtensibilityGlobals) = postSolution
		SolutionGuid = {B90E1CA5-8ABE-40DD-80A4-C1C5B70FC33C}
	EndGlobalSection
EndGlobal
